PODS:
  - JCore (1.1.6)
  - JPush (3.0.7):
    - JCore (~> 1.1.6)
  - YYModel (1.0.4)

DEPENDENCIES:
  - JPush
  - YYModel

SPEC CHECKSUMS:
  JCore: 18fc8725124f26e55625eaf224659b3a999dcf63
  JPush: 111b79b8a0169ab8fd4c486dac3ed166ed69293e
  YYModel: 2a7fdd96aaa4b86a824e26d0c517de8928c04b30

PODFILE CHECKSUM: 38756861da2fb13bb13ee97e8412c2f89aaa8afe

COCOAPODS: 1.3.1
